
Microsoft Visual Studio Solution File, Format Version 12.00
Project("{FAE04EC0-301F-11D3-BF4B-00C04F79EFBC}") = "BMICaculator", "BMICaculator\BMICaculator.csproj", "{1E77752A-4EB3-4E81-B381-11C8FB621704}"
EndProject
Global
	GlobalSection(SolutionConfigurationPlatforms) = preSolution
		Debug|Any CPU = Debug|Any CPU
		Release|Any CPU = Release|Any CPU
	EndGlobalSection
	GlobalSection(ProjectConfigurationPlatforms) = postSolution
		{1E77752A-4EB3-4E81-B381-11C8FB621704}.Debug|Any CPU.ActiveCfg = Debug|Any CPU
		{1E77752A-4EB3-4E81-B381-11C8FB621704}.Debug|Any CPU.Build.0 = Debug|Any CPU
		{1E77752A-4EB3-4E81-B381-11C8FB621704}.Release|Any CPU.ActiveCfg = Release|Any CPU
		{1E77752A-4EB3-4E81-B381-11C8FB621704}.Release|Any CPU.Build.0 = Release|Any CPU
	EndGlobalSection
EndGlobal
